{
  "name": "bitmex_historical_data_downloader",
  "lockfileVersion": 2,
  "requires": true,
  "packages": {
    "": {
      "dependencies": {
        "bit_mex_api": "^1.2.1",
        "graceful-fs": "^4.2.10"
      }
    },
    "node_modules/async": {
      "version": "0.9.2",
      "resolved": "https://registry.npmjs.org/async/-/async-0.9.2.tgz",
      "integrity": "sha512-l6ToIJIotphWahxxHyzK9bnLR6kM4jJIIgLShZeqLY7iboHoGkdgFl7W2/Ivi4SkMJYGKqW8vSuk0uKUj6qsSw=="
    },
    "node_modules/bit_mex_api": {
      "version": "1.2.1",
      "resolved": "https://registry.npmjs.org/bit_mex_api/-/bit_mex_api-1.2.1.tgz",
      "integrity": "sha512-i78gMsatU7ff+QG5K6dRc45LDYQ+8rHC2M3Gd1Tc/YjrCV7LbVK2yz6vI6yMpy1LixuCsZ5RXAwEMkdIYnOoig==",
      "dependencies": {
        "superagent": "1.7.1"
      }
    },
    "node_modules/combined-stream": {
      "version": "0.0.7",
      "resolved": "https://registry.npmjs.org/combined-stream/-/combined-stream-0.0.7.tgz",
      "integrity": "sha512-qfexlmLp9MyrkajQVyjEDb0Vj+KhRgR/rxLiVhaihlT+ZkX0lReqtH6Ack40CvMDERR4b5eFp3CreskpBs1Pig==",
      "dependencies": {
        "delayed-stream": "0.0.5"
      },
      "engines": {
        "node": ">= 0.8"
      }
    },
    "node_modules/component-emitter": {
      "version": "1.2.1",
      "resolved": "https://registry.npmjs.org/component-emitter/-/component-emitter-1.2.1.tgz",
      "integrity": "sha512-jPatnhd33viNplKjqXKRkGU345p263OIWzDL2wH3LGIGp5Kojo+uXizHmOADRvhGFFTnJqX3jBAKP6vvmSDKcA=="
    },
    "node_modules/cookiejar": {
      "version": "2.0.6",
      "resolved": "https://registry.npmjs.org/cookiejar/-/cookiejar-2.0.6.tgz",
      "integrity": "sha512-X9IsySmsr1heROBZCpyEYhqJyU7CXNJoVxIlQ5bBb7DskYUx0mQ+g2f7yPYajceZeGJWHQbIfGB6j0hywV/ARQ=="
    },
    "node_modules/core-util-is": {
      "version": "1.0.3",
      "resolved": "https://registry.npmjs.org/core-util-is/-/core-util-is-1.0.3.tgz",
      "integrity": "sha512-ZQBvi1DcpJ4GDqanjucZ2Hj3wEO5pZDS89BWbkcrvdxksJorwUDDZamX9ldFkp9aw2lmBDLgkObEA4DWNJ9FYQ=="
    },
    "node_modules/debug": {
      "version": "2.6.9",
      "resolved": "https://registry.npmjs.org/debug/-/debug-2.6.9.tgz",
      "integrity": "sha512-bC7ElrdJaJnPbAP+1EotYvqZsb3ecl5wi6Bfi6BJTUcNowp6cvspg0jXznRTKDjm/E7AdgFBVeAPVMNcKGsHMA==",
      "dependencies": {
        "ms": "2.0.0"
      }
    },
    "node_modules/delayed-stream": {
      "version": "0.0.5",
      "resolved": "https://registry.npmjs.org/delayed-stream/-/delayed-stream-0.0.5.tgz",
      "integrity": "sha512-v+7uBd1pqe5YtgPacIIbZ8HuHeLFVNe4mUEyFDXL6KiqzEykjbw+5mXZXpGFgNVasdL4jWKgaKIXrEHiynN1LA==",
      "engines": {
        "node": ">=0.4.0"
      }
    },
    "node_modules/extend": {
      "version": "1.2.1",
      "resolved": "https://registry.npmjs.org/extend/-/extend-1.2.1.tgz",
      "integrity": "sha512-2/JwIYRpMBDSjbQjUUppNSrmc719crhFaWIdT+TRSVA8gE+6HEobQWqJ6VkPt/H8twS7h/0WWs7veh8wmp98Ng=="
    },
    "node_modules/form-data": {
      "version": "0.2.0",
      "resolved": "https://registry.npmjs.org/form-data/-/form-data-0.2.0.tgz",
      "integrity": "sha512-LkinaG6JazVhYj2AKi67NOIAhqXcBOQACraT0WdhWW4ZO3kTiS0X7C1nJ1jFZf6wak4bVHIA/oOzWkh2ThAipg==",
      "dependencies": {
        "async": "~0.9.0",
        "combined-stream": "~0.0.4",
        "mime-types": "~2.0.3"
      },
      "engines": {
        "node": ">= 0.8"
      }
    },
    "node_modules/formidable": {
      "version": "1.0.17",
      "resolved": "https://registry.npmjs.org/formidable/-/formidable-1.0.17.tgz",
      "integrity": "sha512-95MFT5qipMvUiesmuvGP1BI4hh5XWCzyTapiNJ/k8JBQda7rPy7UCWYItz2uZEdTgGNy1eInjzlL9Wx1O9fedg==",
      "deprecated": "Please upgrade to latest, formidable@v2 or formidable@v3! Check these notes: https://bit.ly/2ZEqIau",
      "engines": {
        "node": ">=0.8.0"
      }
    },
    "node_modules/graceful-fs": {
      "version": "4.2.10",
      "resolved": "https://registry.npmjs.org/graceful-fs/-/graceful-fs-4.2.10.tgz",
      "integrity": "sha512-9ByhssR2fPVsNZj478qUUbKfmL0+t5BDVyjShtyZZLiK7ZDAArFFfopyOTj0M05wE2tJPisA4iTnnXl2YoPvOA=="
    },
    "node_modules/inherits": {
      "version": "2.0.4",
      "resolved": "https://registry.npmjs.org/inherits/-/inherits-2.0.4.tgz",
      "integrity": "sha512-k/vGaX4/Yla3WzyMCvTQOXYeIHvqOKtnqBduzTHpzpQZzAskKMhZ2K+EnBiSM9zGSoIFeMpXKxa4dYeZIQqewQ=="
    },
    "node_modules/isarray": {
      "version": "0.0.1",
      "resolved": "https://registry.npmjs.org/isarray/-/isarray-0.0.1.tgz",
      "integrity": "sha512-D2S+3GLxWH+uhrNEcoh/fnmYeP8E8/zHl644d/jdA0g2uyXvy3sb0qxotE+ne0LtccHknQzWwZEzhak7oJ0COQ=="
    },
    "node_modules/methods": {
      "version": "1.1.2",
      "resolved": "https://registry.npmjs.org/methods/-/methods-1.1.2.tgz",
      "integrity": "sha512-iclAHeNqNm68zFtnZ0e+1L2yUIdvzNoauKU4WBA3VvH/vPFieF7qfRlwUZU+DA9P9bPXIS90ulxoUoCH23sV2w==",
      "engines": {
        "node": ">= 0.6"
      }
    },
    "node_modules/mime": {
      "version": "1.3.4",
      "resolved": "https://registry.npmjs.org/mime/-/mime-1.3.4.tgz",
      "integrity": "sha512-sAaYXszED5ALBt665F0wMQCUXpGuZsGdopoqcHPdL39ZYdi7uHoZlhrfZfhv8WzivhBzr/oXwaj+yiK5wY8MXQ==",
      "bin": {
        "mime": "cli.js"
      }
    },
    "node_modules/mime-db": {
      "version": "1.12.0",
      "resolved": "https://registry.npmjs.org/mime-db/-/mime-db-1.12.0.tgz",
      "integrity": "sha512-5aMAW7I4jZoZB27fXRuekqc4DVvJ7+hM8UcWrNj2mqibE54gXgPSonBYBdQW5hyaVNGmiYjY0ZMqn9fBefWYvA==",
      "engines": {
        "node": ">= 0.6"
      }
    },
    "node_modules/mime-types": {
      "version": "2.0.14",
      "resolved": "https://registry.npmjs.org/mime-types/-/mime-types-2.0.14.tgz",
      "integrity": "sha512-2ZHUEstNkIf2oTWgtODr6X0Cc4Ns/RN/hktdozndiEhhAC2wxXejF1FH0XLHTEImE9h6gr/tcnr3YOnSGsxc7Q==",
      "dependencies": {
        "mime-db": "~1.12.0"
      },
      "engines": {
        "node": ">= 0.6"
      }
    },
    "node_modules/ms": {
      "version": "2.0.0",
      "resolved": "https://registry.npmjs.org/ms/-/ms-2.0.0.tgz",
      "integrity": "sha512-Tpp60P6IUJDTuOq/5Z8cdskzJujfwqfOTkrwIwj7IRISpnkJnT6SyJ4PCPnGMoFjC9ddhal5KVIYtAt97ix05A=="
    },
    "node_modules/qs": {
      "version": "2.3.3",
      "resolved": "https://registry.npmjs.org/qs/-/qs-2.3.3.tgz",
      "integrity": "sha512-f5M0HQqZWkzU8GELTY8LyMrGkr3bPjKoFtTkwUEqJQbcljbeK8M7mliP9Ia2xoOI6oMerp+QPS7oYJtpGmWe/A=="
    },
    "node_modules/readable-stream": {
      "version": "1.0.27-1",
      "resolved": "https://registry.npmjs.org/readable-stream/-/readable-stream-1.0.27-1.tgz",
      "integrity": "sha512-uQE31HGhpMrqZwtDjRliOs2aC3XBi+DdkhLs+Xa0dvVD5eDiZr3+k8rKVZcyTzxosgtMw7B/twQsK3P1KTZeVg==",
      "dependencies": {
        "core-util-is": "~1.0.0",
        "inherits": "~2.0.1",
        "isarray": "0.0.1",
        "string_decoder": "~0.10.x"
      }
    },
    "node_modules/reduce-component": {
      "version": "1.0.1",
      "resolved": "https://registry.npmjs.org/reduce-component/-/reduce-component-1.0.1.tgz",
      "integrity": "sha512-y0wyCcdQul3hI3xHfIs0vg/jSbboQc/YTOAqaxjFG7At+XSexduuOqBVL9SmOLSwa/ldkbzVzdwuk9s2EKTAZg=="
    },
    "node_modules/string_decoder": {
      "version": "0.10.31",
      "resolved": "https://registry.npmjs.org/string_decoder/-/string_decoder-0.10.31.tgz",
      "integrity": "sha512-ev2QzSzWPYmy9GuqfIVildA4OdcGLeFZQrq5ys6RtiuF+RQQiZWr8TZNyAcuVXyQRYfEO+MsoB/1BuQVhOJuoQ=="
    },
    "node_modules/superagent": {
      "version": "1.7.1",
      "resolved": "https://registry.npmjs.org/superagent/-/superagent-1.7.1.tgz",
      "integrity": "sha512-6Uxu1eFhU8JAQ3Anf3CEPrIdT/r/MZG1H/KZiaXp4j0d4Rjdzd7qyEqBv67si2USqmNaufYy+82qkfZTIhMJYg==",
      "deprecated": "Please upgrade to v7.0.2+ of superagent.  We have fixed numerous issues with streams, form-data, attach(), filesystem errors not bubbling up (ENOENT on attach()), and all tests are now passing.  See the releases tab for more information at <https://github.com/visionmedia/superagent/releases>.",
      "dependencies": {
        "component-emitter": "~1.2.0",
        "cookiejar": "2.0.6",
        "debug": "2",
        "extend": "1.2.1",
        "form-data": "0.2.0",
        "formidable": "~1.0.14",
        "methods": "~1.1.1",
        "mime": "1.3.4",
        "qs": "2.3.3",
        "readable-stream": "1.0.27-1",
        "reduce-component": "1.0.1"
      },
      "engines": {
        "node": ">= 0.8"
      }
    }
  },
  "dependencies": {
    "async": {
      "version": "0.9.2",
      "resolved": "https://registry.npmjs.org/async/-/async-0.9.2.tgz",
      "integrity": "sha512-l6ToIJIotphWahxxHyzK9bnLR6kM4jJIIgLShZeqLY7iboHoGkdgFl7W2/Ivi4SkMJYGKqW8vSuk0uKUj6qsSw=="
    },
    "bit_mex_api": {
      "version": "1.2.1",
      "resolved": "https://registry.npmjs.org/bit_mex_api/-/bit_mex_api-1.2.1.tgz",
      "integrity": "sha512-i78gMsatU7ff+QG5K6dRc45LDYQ+8rHC2M3Gd1Tc/YjrCV7LbVK2yz6vI6yMpy1LixuCsZ5RXAwEMkdIYnOoig==",
      "requires": {
        "superagent": "1.7.1"
      }
    },
    "combined-stream": {
      "version": "0.0.7",
      "resolved": "https://registry.npmjs.org/combined-stream/-/combined-stream-0.0.7.tgz",
      "integrity": "sha512-qfexlmLp9MyrkajQVyjEDb0Vj+KhRgR/rxLiVhaihlT+ZkX0lReqtH6Ack40CvMDERR4b5eFp3CreskpBs1Pig==",
      "requires": {
        "delayed-stream": "0.0.5"
      }
    },
    "component-emitter": {
      "version": "1.2.1",
      "resolved": "https://registry.npmjs.org/component-emitter/-/component-emitter-1.2.1.tgz",
      "integrity": "sha512-jPatnhd33viNplKjqXKRkGU345p263OIWzDL2wH3LGIGp5Kojo+uXizHmOADRvhGFFTnJqX3jBAKP6vvmSDKcA=="
    },
    "cookiejar": {
      "version": "2.0.6",
      "resolved": "https://registry.npmjs.org/cookiejar/-/cookiejar-2.0.6.tgz",
      "integrity": "sha512-X9IsySmsr1heROBZCpyEYhqJyU7CXNJoVxIlQ5bBb7DskYUx0mQ+g2f7yPYajceZeGJWHQbIfGB6j0hywV/ARQ=="
    },
    "core-util-is": {
      "version": "1.0.3",
      "resolved": "https://registry.npmjs.org/core-util-is/-/core-util-is-1.0.3.tgz",
      "integrity": "sha512-ZQBvi1DcpJ4GDqanjucZ2Hj3wEO5pZDS89BWbkcrvdxksJorwUDDZamX9ldFkp9aw2lmBDLgkObEA4DWNJ9FYQ=="
    },
    "debug": {
      "version": "2.6.9",
      "resolved": "https://registry.npmjs.org/debug/-/debug-2.6.9.tgz",
      "integrity": "sha512-bC7ElrdJaJnPbAP+1EotYvqZsb3ecl5wi6Bfi6BJTUcNowp6cvspg0jXznRTKDjm/E7AdgFBVeAPVMNcKGsHMA==",
      "requires": {
        "ms": "2.0.0"
      }
    },
    "delayed-stream": {
      "version": "0.0.5",
      "resolved": "https://registry.npmjs.org/delayed-stream/-/delayed-stream-0.0.5.tgz",
      "integrity": "sha512-v+7uBd1pqe5YtgPacIIbZ8HuHeLFVNe4mUEyFDXL6KiqzEykjbw+5mXZXpGFgNVasdL4jWKgaKIXrEHiynN1LA=="
    },
    "extend": {
      "version": "1.2.1",
      "resolved": "https://registry.npmjs.org/extend/-/extend-1.2.1.tgz",
      "integrity": "sha512-2/JwIYRpMBDSjbQjUUppNSrmc719crhFaWIdT+TRSVA8gE+6HEobQWqJ6VkPt/H8twS7h/0WWs7veh8wmp98Ng=="
    },
    "form-data": {
      "version": "0.2.0",
      "resolved": "https://registry.npmjs.org/form-data/-/form-data-0.2.0.tgz",
      "integrity": "sha512-LkinaG6JazVhYj2AKi67NOIAhqXcBOQACraT0WdhWW4ZO3kTiS0X7C1nJ1jFZf6wak4bVHIA/oOzWkh2ThAipg==",
      "requires": {
        "async": "~0.9.0",
        "combined-stream": "~0.0.4",
        "mime-types": "~2.0.3"
      }
    },
    "formidable": {
      "version": "1.0.17",
      "resolved": "https://registry.npmjs.org/formidable/-/formidable-1.0.17.tgz",
      "integrity": "sha512-95MFT5qipMvUiesmuvGP1BI4hh5XWCzyTapiNJ/k8JBQda7rPy7UCWYItz2uZEdTgGNy1eInjzlL9Wx1O9fedg=="
    },
    "graceful-fs": {
      "version": "4.2.10",
      "resolved": "https://registry.npmjs.org/graceful-fs/-/graceful-fs-4.2.10.tgz",
      "integrity": "sha512-9ByhssR2fPVsNZj478qUUbKfmL0+t5BDVyjShtyZZLiK7ZDAArFFfopyOTj0M05wE2tJPisA4iTnnXl2YoPvOA=="
    },
    "inherits": {
      "version": "2.0.4",
      "resolved": "https://registry.npmjs.org/inherits/-/inherits-2.0.4.tgz",
      "integrity": "sha512-k/vGaX4/Yla3WzyMCvTQOXYeIHvqOKtnqBduzTHpzpQZzAskKMhZ2K+EnBiSM9zGSoIFeMpXKxa4dYeZIQqewQ=="
    },
    "isarray": {
      "version": "0.0.1",
      "resolved": "https://registry.npmjs.org/isarray/-/isarray-0.0.1.tgz",
      "integrity": "sha512-D2S+3GLxWH+uhrNEcoh/fnmYeP8E8/zHl644d/jdA0g2uyXvy3sb0qxotE+ne0LtccHknQzWwZEzhak7oJ0COQ=="
    },
    "methods": {
      "version": "1.1.2",
      "resolved": "https://registry.npmjs.org/methods/-/methods-1.1.2.tgz",
      "integrity": "sha512-iclAHeNqNm68zFtnZ0e+1L2yUIdvzNoauKU4WBA3VvH/vPFieF7qfRlwUZU+DA9P9bPXIS90ulxoUoCH23sV2w=="
    },
    "mime": {
      "version": "1.3.4",
      "resolved": "https://registry.npmjs.org/mime/-/mime-1.3.4.tgz",
      "integrity": "sha512-sAaYXszED5ALBt665F0wMQCUXpGuZsGdopoqcHPdL39ZYdi7uHoZlhrfZfhv8WzivhBzr/oXwaj+yiK5wY8MXQ=="
    },
    "mime-db": {
      "version": "1.12.0",
      "resolved": "https://registry.npmjs.org/mime-db/-/mime-db-1.12.0.tgz",
      "integrity": "sha512-5aMAW7I4jZoZB27fXRuekqc4DVvJ7+hM8UcWrNj2mqibE54gXgPSonBYBdQW5hyaVNGmiYjY0ZMqn9fBefWYvA=="
    },
    "mime-types": {
      "version": "2.0.14",
      "resolved": "https://registry.npmjs.org/mime-types/-/mime-types-2.0.14.tgz",
      "integrity": "sha512-2ZHUEstNkIf2oTWgtODr6X0Cc4Ns/RN/hktdozndiEhhAC2wxXejF1FH0XLHTEImE9h6gr/tcnr3YOnSGsxc7Q==",
      "requires": {
        "mime-db": "~1.12.0"
      }
    },
    "ms": {
      "version": "2.0.0",
      "resolved": "https://registry.npmjs.org/ms/-/ms-2.0.0.tgz",
      "integrity": "sha512-Tpp60P6IUJDTuOq/5Z8cdskzJujfwqfOTkrwIwj7IRISpnkJnT6SyJ4PCPnGMoFjC9ddhal5KVIYtAt97ix05A=="
    },
    "qs": {
      "version": "2.3.3",
      "resolved": "https://registry.npmjs.org/qs/-/qs-2.3.3.tgz",
      "integrity": "sha512-f5M0HQqZWkzU8GELTY8LyMrGkr3bPjKoFtTkwUEqJQbcljbeK8M7mliP9Ia2xoOI6oMerp+QPS7oYJtpGmWe/A=="
    },
    "readable-stream": {
      "version": "1.0.27-1",
      "resolved": "https://registry.npmjs.org/readable-stream/-/readable-stream-1.0.27-1.tgz",
      "integrity": "sha512-uQE31HGhpMrqZwtDjRliOs2aC3XBi+DdkhLs+Xa0dvVD5eDiZr3+k8rKVZcyTzxosgtMw7B/twQsK3P1KTZeVg==",
      "requires": {
        "core-util-is": "~1.0.0",
        "inherits": "~2.0.1",
        "isarray": "0.0.1",
        "string_decoder": "~0.10.x"
      }
    },
    "reduce-component": {
      "version": "1.0.1",
      "resolved": "https://registry.npmjs.org/reduce-component/-/reduce-component-1.0.1.tgz",
      "integrity": "sha512-y0wyCcdQul3hI3xHfIs0vg/jSbboQc/YTOAqaxjFG7At+XSexduuOqBVL9SmOLSwa/ldkbzVzdwuk9s2EKTAZg=="
    },
    "string_decoder": {
      "version": "0.10.31",
      "resolved": "https://registry.npmjs.org/string_decoder/-/string_decoder-0.10.31.tgz",
      "integrity": "sha512-ev2QzSzWPYmy9GuqfIVildA4OdcGLeFZQrq5ys6RtiuF+RQQiZWr8TZNyAcuVXyQRYfEO+MsoB/1BuQVhOJuoQ=="
    },
    "superagent": {
      "version": "1.7.1",
      "resolved": "https://registry.npmjs.org/superagent/-/superagent-1.7.1.tgz",
      "integrity": "sha512-6Uxu1eFhU8JAQ3Anf3CEPrIdT/r/MZG1H/KZiaXp4j0d4Rjdzd7qyEqBv67si2USqmNaufYy+82qkfZTIhMJYg==",
      "requires": {
        "component-emitter": "~1.2.0",
        "cookiejar": "2.0.6",
        "debug": "2",
        "extend": "1.2.1",
        "form-data": "0.2.0",
        "formidable": "~1.0.14",
        "methods": "~1.1.1",
        "mime": "1.3.4",
        "qs": "2.3.3",
        "readable-stream": "1.0.27-1",
        "reduce-component": "1.0.1"
      }
    }
  }
}
